# THIS IS AN AUTOGENERATED FILE. DO NOT EDIT THIS FILE DIRECTLY.
# yarn lockfile v1


buffers@^0.1.1:
  version "0.1.1"
  resolved "https://registry.yarnpkg.com/buffers/-/buffers-0.1.1.tgz#b24579c3bed4d6d396aeee6d9a8ae7f5482ab7bb"
  integrity sha1-skV5w77U1tOWru5tmorn9Ugqt7s=

nan@^2.14.0:
  version "2.14.2"
  resolved "https://registry.yarnpkg.com/nan/-/nan-2.14.2.tgz#f5376400695168f4cc694ac9393d0c9585eeea19"
  integrity sha512-M2ufzIiINKCuDfBSAUr1vWQ+vuVcA9kqx8JJUsbQi6yf1uGRyb7HfpdfUr5qLXf3B/t8dPvcjhKMmlfnP47EzQ==

opencv@^7.0.0:
  version "7.0.0"
  resolved "https://registry.yarnpkg.com/opencv/-/opencv-7.0.0.tgz#493c1b81e72cf47d4c52b3f9b34e2fa2d5714dea"
  integrity sha512-JfMKMaYvnDGwah6i3w6FRHjpToRHZrZbcDX9N3CjaxWHPlE0ScNwnCzoJkEQKve34mvd9GCLhs4Hr37UdVVg/A==
  dependencies:
    buffers "^0.1.1"
    nan "^2.14.0"
